
Microsoft Visual Studio Solution File, Format Version 12.00
# Visual Studio Version 17
VisualStudioVersion = 17.0.31912.275
MinimumVisualStudioVersion = 10.0.40219.1
Project("{FAE04EC0-301F-11D3-BF4B-00C04F79EFBC}") = "AzureStaticSiteHoster", "AzureStaticSiteHoster\AzureStaticSiteHoster.csproj", "{DCB76D60-D9A9-465D-9F90-FF6194C5BFB8}"
EndProject
Global
	GlobalSection(SolutionConfigurationPlatforms) = preSolution
		Debug|Any CPU = Debug|Any CPU
		Release|Any CPU = Release|Any CPU
	EndGlobalSection
	GlobalSection(ProjectConfigurationPlatforms) = postSolution
		{DCB76D60-D9A9-465D-9F90-FF6194C5BFB8}.Debug|Any CPU.ActiveCfg = Debug|Any CPU
		{DCB76D60-D9A9-465D-9F90-FF6194C5BFB8}.Debug|Any CPU.Build.0 = Debug|Any CPU
		{DCB76D60-D9A9-465D-9F90-FF6194C5BFB8}.Release|Any CPU.ActiveCfg = Release|Any CPU
		{DCB76D60-D9A9-465D-9F90-FF6194C5BFB8}.Release|Any CPU.Build.0 = Release|Any CPU
	EndGlobalSection
	GlobalSection(SolutionProperties) = preSolution
		HideSolutionNode = FALSE
	EndGlobalSection
	GlobalSection(ExtensibilityGlobals) = postSolution
		SolutionGuid = {64956E35-3916-4208-A461-80F6821D9D83}
	EndGlobalSection
EndGlobal
